
Microsoft Visual Studio Solution File, Format Version 12.00
# Visual Studio 2012
Project("{FAE04EC0-301F-11D3-BF4B-00C04F79EFBC}") = "BookList", "BookList\BookList.csproj", "{78429263-5899-4688-9A5D-17DE88D492DA}"
EndProject
Global
	GlobalSection(SolutionConfigurationPlatforms) = preSolution
		Debug|iPhoneSimulator = Debug|iPhoneSimulator
		Release|iPhone = Release|iPhone
		Release|iPhoneSimulator = Release|iPhoneSimulator
		Debug|iPhone = Debug|iPhone
	EndGlobalSection
	GlobalSection(ProjectConfigurationPlatforms) = postSolution
		{78429263-5899-4688-9A5D-17DE88D492DA}.Debug|iPhoneSimulator.ActiveCfg = Debug|iPhoneSimulator
		{78429263-5899-4688-9A5D-17DE88D492DA}.Debug|iPhoneSimulator.Build.0 = Debug|iPhoneSimulator
		{78429263-5899-4688-9A5D-17DE88D492DA}.Release|iPhone.ActiveCfg = Release|iPhone
		{78429263-5899-4688-9A5D-17DE88D492DA}.Release|iPhone.Build.0 = Release|iPhone
		{78429263-5899-4688-9A5D-17DE88D492DA}.Release|iPhoneSimulator.ActiveCfg = Release|iPhoneSimulator
		{78429263-5899-4688-9A5D-17DE88D492DA}.Release|iPhoneSimulator.Build.0 = Release|iPhoneSimulator
		{78429263-5899-4688-9A5D-17DE88D492DA}.Debug|iPhone.ActiveCfg = Debug|iPhone
		{78429263-5899-4688-9A5D-17DE88D492DA}.Debug|iPhone.Build.0 = Debug|iPhone
	EndGlobalSection
EndGlobal
